
Microsoft Visual Studio Solution File, Format Version 12.00
# Visual Studio Version 17
VisualStudioVersion = 17.3.32825.248
MinimumVisualStudioVersion = 10.0.40219.1
Project("{FAE04EC0-301F-11D3-BF4B-00C04F79EFBC}") = "Week2", "Week2.csproj", "{4153DD8E-53F5-44B7-9738-F816CECC31B1}"
EndProject
Global
	GlobalSection(SolutionConfigurationPlatforms) = preSolution
		Debug|Any CPU = Debug|Any CPU
		Release|Any CPU = Release|Any CPU
	EndGlobalSection
	GlobalSection(ProjectConfigurationPlatforms) = postSolution
		{4153DD8E-53F5-44B7-9738-F816CECC31B1}.Debug|Any CPU.ActiveCfg = Debug|Any CPU
		{4153DD8E-53F5-44B7-9738-F816CECC31B1}.Debug|Any CPU.Build.0 = Debug|Any CPU
		{4153DD8E-53F5-44B7-9738-F816CECC31B1}.Release|Any CPU.ActiveCfg = Release|Any CPU
		{4153DD8E-53F5-44B7-9738-F816CECC31B1}.Release|Any CPU.Build.0 = Release|Any CPU
	EndGlobalSection
	GlobalSection(SolutionProperties) = preSolution
		HideSolutionNode = FALSE
	EndGlobalSection
	GlobalSection(ExtensibilityGlobals) = postSolution
		SolutionGuid = {A9890678-DFFC-4CE8-815A-348E07800657}
	EndGlobalSection
EndGlobal
